{
  "name": "react-native-stylesheet-theme-provider",
  "version": "0.1.0",
  "lockfileVersion": 1,
  "requires": true,
  "dependencies": {
    "deep-map-object": {
      "version": "0.0.5",
      "resolved": "https://registry.npmjs.org/deep-map-object/-/deep-map-object-0.0.5.tgz",
      "integrity": "sha512-wxsZSKF6CmkHW63S457e1Q1sgMv6tphABQaFND1FEjyIwLPXaGoUdLF+lKaCImz6lSqgWxXOeToI7mzYij7Xyg==",
      "dev": true
    },
    "prettier": {
      "version": "2.0.5",
      "resolved": "https://registry.npmjs.org/prettier/-/prettier-2.0.5.tgz",
      "integrity": "sha512-7PtVymN48hGcO4fGjybyBSIWDsLU4H4XlvOHfq91pz9kkGlonzwTfYkaIEwiRg/dAJF9YlbsduBAgtYLi+8cFg==",
      "dev": true
    }
  }
}
